packages:
  - name: dbt_utils
    package: dbt-labs/dbt_utils
    version: 1.1.1
  - name: audit_helper
    package: dbt-labs/audit_helper
    version: 0.12.2
  - git: https://github.com/sfu-db/dbt-lineagex.git
    name: lineagex
    revision: b2d2d9f4f73464c722a1419d6faa15a8f8a312e7
sha1_hash: 105be0a19f4ae405ecfd2fc91d9ec498e6887366
